
Microsoft Visual Studio Solution File, Format Version 12.00
# Visual Studio 14
VisualStudioVersion = 14.0.25123.0
MinimumVisualStudioVersion = 10.0.40219.1
Project("{FAE04EC0-301F-11D3-BF4B-00C04F79EFBC}") = "MakeFriendAssembly", "MakeFriendAssembly\MakeFriendAssembly.csproj", "{A28AF504-3422-45B2-8F36-2F1EC8F5F81C}"
EndProject
Project("{8BC9CEB8-8B4A-11D0-8D11-00A0C91BC942}") = "StrongNameHelper", "StrongNameHelper\StrongNameHelper.vcxproj", "{803140F4-6351-435D-9F38-1C40C43E0581}"
EndProject
Global
	GlobalSection(SolutionConfigurationPlatforms) = preSolution
		Debug|Any CPU = Debug|Any CPU
		Debug|x64 = Debug|x64
		Debug|x86 = Debug|x86
		Release|Any CPU = Release|Any CPU
		Release|x64 = Release|x64
		Release|x86 = Release|x86
	EndGlobalSection
	GlobalSection(ProjectConfigurationPlatforms) = postSolution
		{A28AF504-3422-45B2-8F36-2F1EC8F5F81C}.Debug|Any CPU.ActiveCfg = Debug|Any CPU
		{A28AF504-3422-45B2-8F36-2F1EC8F5F81C}.Debug|Any CPU.Build.0 = Debug|Any CPU
		{A28AF504-3422-45B2-8F36-2F1EC8F5F81C}.Debug|x64.ActiveCfg = Debug|Any CPU
		{A28AF504-3422-45B2-8F36-2F1EC8F5F81C}.Debug|x64.Build.0 = Debug|Any CPU
		{A28AF504-3422-45B2-8F36-2F1EC8F5F81C}.Debug|x86.ActiveCfg = Debug|x86
		{A28AF504-3422-45B2-8F36-2F1EC8F5F81C}.Debug|x86.Build.0 = Debug|x86
		{A28AF504-3422-45B2-8F36-2F1EC8F5F81C}.Release|Any CPU.ActiveCfg = Release|Any CPU
		{A28AF504-3422-45B2-8F36-2F1EC8F5F81C}.Release|Any CPU.Build.0 = Release|Any CPU
		{A28AF504-3422-45B2-8F36-2F1EC8F5F81C}.Release|x64.ActiveCfg = Release|Any CPU
		{A28AF504-3422-45B2-8F36-2F1EC8F5F81C}.Release|x64.Build.0 = Release|Any CPU
		{A28AF504-3422-45B2-8F36-2F1EC8F5F81C}.Release|x86.ActiveCfg = Release|x86
		{A28AF504-3422-45B2-8F36-2F1EC8F5F81C}.Release|x86.Build.0 = Release|x86
		{803140F4-6351-435D-9F38-1C40C43E0581}.Debug|Any CPU.ActiveCfg = Debug|Win32
		{803140F4-6351-435D-9F38-1C40C43E0581}.Debug|x64.ActiveCfg = Debug|x64
		{803140F4-6351-435D-9F38-1C40C43E0581}.Debug|x64.Build.0 = Debug|x64
		{803140F4-6351-435D-9F38-1C40C43E0581}.Debug|x86.ActiveCfg = Debug|Win32
		{803140F4-6351-435D-9F38-1C40C43E0581}.Debug|x86.Build.0 = Debug|Win32
		{803140F4-6351-435D-9F38-1C40C43E0581}.Release|Any CPU.ActiveCfg = Release|Win32
		{803140F4-6351-435D-9F38-1C40C43E0581}.Release|x64.ActiveCfg = Release|x64
		{803140F4-6351-435D-9F38-1C40C43E0581}.Release|x64.Build.0 = Release|x64
		{803140F4-6351-435D-9F38-1C40C43E0581}.Release|x86.ActiveCfg = Release|Win32
		{803140F4-6351-435D-9F38-1C40C43E0581}.Release|x86.Build.0 = Release|Win32
	EndGlobalSection
	GlobalSection(SolutionProperties) = preSolution
		HideSolutionNode = FALSE
	EndGlobalSection
EndGlobal
